
Microsoft Visual Studio Solution File, Format Version 12.00
# Visual Studio Version 16
VisualStudioVersion = 16.0.28922.388
MinimumVisualStudioVersion = 10.0.40219.1
Project("{FAE04EC0-301F-11D3-BF4B-00C04F79EFBC}") = "BillingSystem", "BillingSystem\BillingSystem.csproj", "{3C6E7E98-EAF4-48DC-A2CC-429252909040}"
EndProject
Global
	GlobalSection(SolutionConfigurationPlatforms) = preSolution
		Debug|Any CPU = Debug|Any CPU
		Release|Any CPU = Release|Any CPU
	EndGlobalSection
	GlobalSection(ProjectConfigurationPlatforms) = postSolution
		{3C6E7E98-EAF4-48DC-A2CC-429252909040}.Debug|Any CPU.ActiveCfg = Debug|Any CPU
		{3C6E7E98-EAF4-48DC-A2CC-429252909040}.Debug|Any CPU.Build.0 = Debug|Any CPU
		{3C6E7E98-EAF4-48DC-A2CC-429252909040}.Release|Any CPU.ActiveCfg = Release|Any CPU
		{3C6E7E98-EAF4-48DC-A2CC-429252909040}.Release|Any CPU.Build.0 = Release|Any CPU
	EndGlobalSection
	GlobalSection(SolutionProperties) = preSolution
		HideSolutionNode = FALSE
	EndGlobalSection
	GlobalSection(ExtensibilityGlobals) = postSolution
		SolutionGuid = {8D9563B7-401F-4351-9805-3F58558F8E2B}
	EndGlobalSection
EndGlobal
